
Microsoft Visual Studio Solution File, Format Version 12.00
# Visual Studio Version 16
VisualStudioVersion = 16.0.29709.97
MinimumVisualStudioVersion = 10.0.40219.1
Project("{FAE04EC0-301F-11D3-BF4B-00C04F79EFBC}") = "HHBK_Chemicals_ERP_CS", "HHBK_Chemicals_ERP_CS\HHBK_Chemicals_ERP_CS.csproj", "{0B3D05B5-6D5B-4729-888D-B2F45F1E0A97}"
EndProject
Project("{FAE04EC0-301F-11D3-BF4B-00C04F79EFBC}") = "TestProject1", "TestProject1\TestProject1.csproj", "{422C76E5-1105-485C-A8B5-C210B02D3393}"
EndProject
Global
	GlobalSection(SolutionConfigurationPlatforms) = preSolution
		Debug|Any CPU = Debug|Any CPU
		Release|Any CPU = Release|Any CPU
	EndGlobalSection
	GlobalSection(ProjectConfigurationPlatforms) = postSolution
		{0B3D05B5-6D5B-4729-888D-B2F45F1E0A97}.Debug|Any CPU.ActiveCfg = Debug|Any CPU
		{0B3D05B5-6D5B-4729-888D-B2F45F1E0A97}.Debug|Any CPU.Build.0 = Debug|Any CPU
		{0B3D05B5-6D5B-4729-888D-B2F45F1E0A97}.Release|Any CPU.ActiveCfg = Release|Any CPU
		{0B3D05B5-6D5B-4729-888D-B2F45F1E0A97}.Release|Any CPU.Build.0 = Release|Any CPU
		{422C76E5-1105-485C-A8B5-C210B02D3393}.Debug|Any CPU.ActiveCfg = Debug|Any CPU
		{422C76E5-1105-485C-A8B5-C210B02D3393}.Debug|Any CPU.Build.0 = Debug|Any CPU
		{422C76E5-1105-485C-A8B5-C210B02D3393}.Release|Any CPU.ActiveCfg = Release|Any CPU
		{422C76E5-1105-485C-A8B5-C210B02D3393}.Release|Any CPU.Build.0 = Release|Any CPU
	EndGlobalSection
	GlobalSection(SolutionProperties) = preSolution
		HideSolutionNode = FALSE
	EndGlobalSection
	GlobalSection(ExtensibilityGlobals) = postSolution
		SolutionGuid = {28434BDE-A437-47CA-A6FE-18A04C95F794}
	EndGlobalSection
EndGlobal
